
Microsoft Visual Studio Solution File, Format Version 12.00
# Visual Studio Version 18
VisualStudioVersion = 18.4.11626.88 stable
MinimumVisualStudioVersion = 10.0.40219.1
Project("{2150E333-8FDC-42A3-9474-1A3956D46DE8}") = "src", "src", "{827E0CD3-B72D-47B6-A68D-7590B98EB39B}"
EndProject
Project("{FAE04EC0-301F-11D3-BF4B-00C04F79EFBC}") = "StockTracker.Domain", "src\StockTracker.Domain\StockTracker.Domain.csproj", "{96D6668B-3119-415C-95C4-F90D56713371}"
EndProject
Project("{FAE04EC0-301F-11D3-BF4B-00C04F79EFBC}") = "StockTracker.Application", "src\StockTracker.Application\StockTracker.Application.csproj", "{F7F82403-6C5B-448F-B041-74C0847C976B}"
EndProject
Project("{FAE04EC0-301F-11D3-BF4B-00C04F79EFBC}") = "StockTracker.Infrastructure", "src\StockTracker.Infrastructure\StockTracker.Infrastructure.csproj", "{45EE4948-6803-4BC6-A5EE-3BC52B16F45D}"
EndProject
Project("{FAE04EC0-301F-11D3-BF4B-00C04F79EFBC}") = "StockTracker.Api", "src\StockTracker.Api\StockTracker.Api.csproj", "{1C81A4B1-995F-4EEF-8A38-B511858D0275}"
EndProject
Project("{FAE04EC0-301F-11D3-BF4B-00C04F79EFBC}") = "StockTracker.Worker", "src\StockTracker.Worker\StockTracker.Worker.csproj", "{39062EB0-79EF-4461-8E78-0B3DE282E1E6}"
EndProject
Project("{2150E333-8FDC-42A3-9474-1A3956D46DE8}") = "tests", "tests", "{0AB3BF05-4346-4AA6-1389-037BE0695223}"
EndProject
Project("{FAE04EC0-301F-11D3-BF4B-00C04F79EFBC}") = "StockTracker.UnitTests", "tests\StockTracker.UnitTests\StockTracker.UnitTests.csproj", "{0C54A241-FFA6-4F05-816F-4B38C82E35D3}"
EndProject
Project("{FAE04EC0-301F-11D3-BF4B-00C04F79EFBC}") = "StockTracker.IntegrationTests", "tests\StockTracker.IntegrationTests\StockTracker.IntegrationTests.csproj", "{D258212B-B3E3-4D8E-9D72-04CF9D171CF5}"
EndProject
Project("{FAE04EC0-301F-11D3-BF4B-00C04F79EFBC}") = "StockTracker.ArchTests", "tests\StockTracker.ArchTests\StockTracker.ArchTests.csproj", "{B02B6953-B5F7-4CB7-ACEB-2A7271742239}"
EndProject
Global
	GlobalSection(SolutionConfigurationPlatforms) = preSolution
		Debug|Any CPU = Debug|Any CPU
		Debug|x64 = Debug|x64
		Debug|x86 = Debug|x86
		Release|Any CPU = Release|Any CPU
		Release|x64 = Release|x64
		Release|x86 = Release|x86
	EndGlobalSection
	GlobalSection(ProjectConfigurationPlatforms) = postSolution
		{96D6668B-3119-415C-95C4-F90D56713371}.Debug|Any CPU.ActiveCfg = Debug|Any CPU
		{96D6668B-3119-415C-95C4-F90D56713371}.Debug|Any CPU.Build.0 = Debug|Any CPU
		{96D6668B-3119-415C-95C4-F90D56713371}.Debug|x64.ActiveCfg = Debug|Any CPU
		{96D6668B-3119-415C-95C4-F90D56713371}.Debug|x64.Build.0 = Debug|Any CPU
		{96D6668B-3119-415C-95C4-F90D56713371}.Debug|x86.ActiveCfg = Debug|Any CPU
		{96D6668B-3119-415C-95C4-F90D56713371}.Debug|x86.Build.0 = Debug|Any CPU
		{96D6668B-3119-415C-95C4-F90D56713371}.Release|Any CPU.ActiveCfg = Release|Any CPU
		{96D6668B-3119-415C-95C4-F90D56713371}.Release|Any CPU.Build.0 = Release|Any CPU
		{96D6668B-3119-415C-95C4-F90D56713371}.Release|x64.ActiveCfg = Release|Any CPU
		{96D6668B-3119-415C-95C4-F90D56713371}.Release|x64.Build.0 = Release|Any CPU
		{96D6668B-3119-415C-95C4-F90D56713371}.Release|x86.ActiveCfg = Release|Any CPU
		{96D6668B-3119-415C-95C4-F90D56713371}.Release|x86.Build.0 = Release|Any CPU
		{F7F82403-6C5B-448F-B041-74C0847C976B}.Debug|Any CPU.ActiveCfg = Debug|Any CPU
		{F7F82403-6C5B-448F-B041-74C0847C976B}.Debug|Any CPU.Build.0 = Debug|Any CPU
		{F7F82403-6C5B-448F-B041-74C0847C976B}.Debug|x64.ActiveCfg = Debug|Any CPU
		{F7F82403-6C5B-448F-B041-74C0847C976B}.Debug|x64.Build.0 = Debug|Any CPU
		{F7F82403-6C5B-448F-B041-74C0847C976B}.Debug|x86.ActiveCfg = Debug|Any CPU
		{F7F82403-6C5B-448F-B041-74C0847C976B}.Debug|x86.Build.0 = Debug|Any CPU
		{F7F82403-6C5B-448F-B041-74C0847C976B}.Release|Any CPU.ActiveCfg = Release|Any CPU
		{F7F82403-6C5B-448F-B041-74C0847C976B}.Release|Any CPU.Build.0 = Release|Any CPU
		{F7F82403-6C5B-448F-B041-74C0847C976B}.Release|x64.ActiveCfg = Release|Any CPU
		{F7F82403-6C5B-448F-B041-74C0847C976B}.Release|x64.Build.0 = Release|Any CPU
		{F7F82403-6C5B-448F-B041-74C0847C976B}.Release|x86.ActiveCfg = Release|Any CPU
		{F7F82403-6C5B-448F-B041-74C0847C976B}.Release|x86.Build.0 = Release|Any CPU
		{45EE4948-6803-4BC6-A5EE-3BC52B16F45D}.Debug|Any CPU.ActiveCfg = Debug|Any CPU
		{45EE4948-6803-4BC6-A5EE-3BC52B16F45D}.Debug|Any CPU.Build.0 = Debug|Any CPU
		{45EE4948-6803-4BC6-A5EE-3BC52B16F45D}.Debug|x64.ActiveCfg = Debug|Any CPU
		{45EE4948-6803-4BC6-A5EE-3BC52B16F45D}.Debug|x64.Build.0 = Debug|Any CPU
		{45EE4948-6803-4BC6-A5EE-3BC52B16F45D}.Debug|x86.ActiveCfg = Debug|Any CPU
		{45EE4948-6803-4BC6-A5EE-3BC52B16F45D}.Debug|x86.Build.0 = Debug|Any CPU
		{45EE4948-6803-4BC6-A5EE-3BC52B16F45D}.Release|Any CPU.ActiveCfg = Release|Any CPU
		{45EE4948-6803-4BC6-A5EE-3BC52B16F45D}.Release|Any CPU.Build.0 = Release|Any CPU
		{45EE4948-6803-4BC6-A5EE-3BC52B16F45D}.Release|x64.ActiveCfg = Release|Any CPU
		{45EE4948-6803-4BC6-A5EE-3BC52B16F45D}.Release|x64.Build.0 = Release|Any CPU
		{45EE4948-6803-4BC6-A5EE-3BC52B16F45D}.Release|x86.ActiveCfg = Release|Any CPU
		{45EE4948-6803-4BC6-A5EE-3BC52B16F45D}.Release|x86.Build.0 = Release|Any CPU
		{1C81A4B1-995F-4EEF-8A38-B511858D0275}.Debug|Any CPU.ActiveCfg = Debug|Any CPU
		{1C81A4B1-995F-4EEF-8A38-B511858D0275}.Debug|Any CPU.Build.0 = Debug|Any CPU
		{1C81A4B1-995F-4EEF-8A38-B511858D0275}.Debug|x64.ActiveCfg = Debug|Any CPU
		{1C81A4B1-995F-4EEF-8A38-B511858D0275}.Debug|x64.Build.0 = Debug|Any CPU
		{1C81A4B1-995F-4EEF-8A38-B511858D0275}.Debug|x86.ActiveCfg = Debug|Any CPU
		{1C81A4B1-995F-4EEF-8A38-B511858D0275}.Debug|x86.Build.0 = Debug|Any CPU
		{1C81A4B1-995F-4EEF-8A38-B511858D0275}.Release|Any CPU.ActiveCfg = Release|Any CPU
		{1C81A4B1-995F-4EEF-8A38-B511858D0275}.Release|Any CPU.Build.0 = Release|Any CPU
		{1C81A4B1-995F-4EEF-8A38-B511858D0275}.Release|x64.ActiveCfg = Release|Any CPU
		{1C81A4B1-995F-4EEF-8A38-B511858D0275}.Release|x64.Build.0 = Release|Any CPU
		{1C81A4B1-995F-4EEF-8A38-B511858D0275}.Release|x86.ActiveCfg = Release|Any CPU
		{1C81A4B1-995F-4EEF-8A38-B511858D0275}.Release|x86.Build.0 = Release|Any CPU
		{39062EB0-79EF-4461-8E78-0B3DE282E1E6}.Debug|Any CPU.ActiveCfg = Debug|Any CPU
		{39062EB0-79EF-4461-8E78-0B3DE282E1E6}.Debug|Any CPU.Build.0 = Debug|Any CPU
		{39062EB0-79EF-4461-8E78-0B3DE282E1E6}.Debug|x64.ActiveCfg = Debug|Any CPU
		{39062EB0-79EF-4461-8E78-0B3DE282E1E6}.Debug|x64.Build.0 = Debug|Any CPU
		{39062EB0-79EF-4461-8E78-0B3DE282E1E6}.Debug|x86.ActiveCfg = Debug|Any CPU
		{39062EB0-79EF-4461-8E78-0B3DE282E1E6}.Debug|x86.Build.0 = Debug|Any CPU
		{39062EB0-79EF-4461-8E78-0B3DE282E1E6}.Release|Any CPU.ActiveCfg = Release|Any CPU
		{39062EB0-79EF-4461-8E78-0B3DE282E1E6}.Release|Any CPU.Build.0 = Release|Any CPU
		{39062EB0-79EF-4461-8E78-0B3DE282E1E6}.Release|x64.ActiveCfg = Release|Any CPU
		{39062EB0-79EF-4461-8E78-0B3DE282E1E6}.Release|x64.Build.0 = Release|Any CPU
		{39062EB0-79EF-4461-8E78-0B3DE282E1E6}.Release|x86.ActiveCfg = Release|Any CPU
		{39062EB0-79EF-4461-8E78-0B3DE282E1E6}.Release|x86.Build.0 = Release|Any CPU
		{0C54A241-FFA6-4F05-816F-4B38C82E35D3}.Debug|Any CPU.ActiveCfg = Debug|Any CPU
		{0C54A241-FFA6-4F05-816F-4B38C82E35D3}.Debug|Any CPU.Build.0 = Debug|Any CPU
		{0C54A241-FFA6-4F05-816F-4B38C82E35D3}.Debug|x64.ActiveCfg = Debug|Any CPU
		{0C54A241-FFA6-4F05-816F-4B38C82E35D3}.Debug|x64.Build.0 = Debug|Any CPU
		{0C54A241-FFA6-4F05-816F-4B38C82E35D3}.Debug|x86.ActiveCfg = Debug|Any CPU
		{0C54A241-FFA6-4F05-816F-4B38C82E35D3}.Debug|x86.Build.0 = Debug|Any CPU
		{0C54A241-FFA6-4F05-816F-4B38C82E35D3}.Release|Any CPU.ActiveCfg = Release|Any CPU
		{0C54A241-FFA6-4F05-816F-4B38C82E35D3}.Release|Any CPU.Build.0 = Release|Any CPU
		{0C54A241-FFA6-4F05-816F-4B38C82E35D3}.Release|x64.ActiveCfg = Release|Any CPU
		{0C54A241-FFA6-4F05-816F-4B38C82E35D3}.Release|x64.Build.0 = Release|Any CPU
		{0C54A241-FFA6-4F05-816F-4B38C82E35D3}.Release|x86.ActiveCfg = Release|Any CPU
		{0C54A241-FFA6-4F05-816F-4B38C82E35D3}.Release|x86.Build.0 = Release|Any CPU
		{D258212B-B3E3-4D8E-9D72-04CF9D171CF5}.Debug|Any CPU.ActiveCfg = Debug|Any CPU
		{D258212B-B3E3-4D8E-9D72-04CF9D171CF5}.Debug|Any CPU.Build.0 = Debug|Any CPU
		{D258212B-B3E3-4D8E-9D72-04CF9D171CF5}.Debug|x64.ActiveCfg = Debug|Any CPU
		{D258212B-B3E3-4D8E-9D72-04CF9D171CF5}.Debug|x64.Build.0 = Debug|Any CPU
		{D258212B-B3E3-4D8E-9D72-04CF9D171CF5}.Debug|x86.ActiveCfg = Debug|Any CPU
		{D258212B-B3E3-4D8E-9D72-04CF9D171CF5}.Debug|x86.Build.0 = Debug|Any CPU
		{D258212B-B3E3-4D8E-9D72-04CF9D171CF5}.Release|Any CPU.ActiveCfg = Release|Any CPU
		{D258212B-B3E3-4D8E-9D72-04CF9D171CF5}.Release|Any CPU.Build.0 = Release|Any CPU
		{D258212B-B3E3-4D8E-9D72-04CF9D171CF5}.Release|x64.ActiveCfg = Release|Any CPU
		{D258212B-B3E3-4D8E-9D72-04CF9D171CF5}.Release|x64.Build.0 = Release|Any CPU
		{D258212B-B3E3-4D8E-9D72-04CF9D171CF5}.Release|x86.ActiveCfg = Release|Any CPU
		{D258212B-B3E3-4D8E-9D72-04CF9D171CF5}.Release|x86.Build.0 = Release|Any CPU
		{B02B6953-B5F7-4CB7-ACEB-2A7271742239}.Debug|Any CPU.ActiveCfg = Debug|Any CPU
		{B02B6953-B5F7-4CB7-ACEB-2A7271742239}.Debug|Any CPU.Build.0 = Debug|Any CPU
		{B02B6953-B5F7-4CB7-ACEB-2A7271742239}.Debug|x64.ActiveCfg = Debug|Any CPU
		{B02B6953-B5F7-4CB7-ACEB-2A7271742239}.Debug|x64.Build.0 = Debug|Any CPU
		{B02B6953-B5F7-4CB7-ACEB-2A7271742239}.Debug|x86.ActiveCfg = Debug|Any CPU
		{B02B6953-B5F7-4CB7-ACEB-2A7271742239}.Debug|x86.Build.0 = Debug|Any CPU
		{B02B6953-B5F7-4CB7-ACEB-2A7271742239}.Release|Any CPU.ActiveCfg = Release|Any CPU
		{B02B6953-B5F7-4CB7-ACEB-2A7271742239}.Release|Any CPU.Build.0 = Release|Any CPU
		{B02B6953-B5F7-4CB7-ACEB-2A7271742239}.Release|x64.ActiveCfg = Release|Any CPU
		{B02B6953-B5F7-4CB7-ACEB-2A7271742239}.Release|x64.Build.0 = Release|Any CPU
		{B02B6953-B5F7-4CB7-ACEB-2A7271742239}.Release|x86.ActiveCfg = Release|Any CPU
		{B02B6953-B5F7-4CB7-ACEB-2A7271742239}.Release|x86.Build.0 = Release|Any CPU
	EndGlobalSection
	GlobalSection(SolutionProperties) = preSolution
		HideSolutionNode = FALSE
	EndGlobalSection
	GlobalSection(NestedProjects) = preSolution
		{96D6668B-3119-415C-95C4-F90D56713371} = {827E0CD3-B72D-47B6-A68D-7590B98EB39B}
		{F7F82403-6C5B-448F-B041-74C0847C976B} = {827E0CD3-B72D-47B6-A68D-7590B98EB39B}
		{45EE4948-6803-4BC6-A5EE-3BC52B16F45D} = {827E0CD3-B72D-47B6-A68D-7590B98EB39B}
		{1C81A4B1-995F-4EEF-8A38-B511858D0275} = {827E0CD3-B72D-47B6-A68D-7590B98EB39B}
		{39062EB0-79EF-4461-8E78-0B3DE282E1E6} = {827E0CD3-B72D-47B6-A68D-7590B98EB39B}
		{0C54A241-FFA6-4F05-816F-4B38C82E35D3} = {0AB3BF05-4346-4AA6-1389-037BE0695223}
		{D258212B-B3E3-4D8E-9D72-04CF9D171CF5} = {0AB3BF05-4346-4AA6-1389-037BE0695223}
		{B02B6953-B5F7-4CB7-ACEB-2A7271742239} = {0AB3BF05-4346-4AA6-1389-037BE0695223}
	EndGlobalSection
	GlobalSection(ExtensibilityGlobals) = postSolution
		SolutionGuid = {6D1634EB-D1E0-4393-8411-8261E2D3FA4F}
	EndGlobalSection
EndGlobal
